{
  "name": "frontend",
  "lockfileVersion": 3,
  "requires": true,
  "packages": {
    "": {
      "dependencies": {
        "book-store-app": "file:.."
      }
    },
    "..": {
      "name": "book-store-app",
      "version": "1.0.0",
      "license": "ISC",
      "dependencies": {
        "@chakra-ui/react": "^3.16.1",
        "@emotion/react": "^11.14.0",
        "@emotion/styled": "^11.14.0",
        "dotenv": "^16.5.0",
        "ejs": "^3.1.10",
        "express": "^5.1.0",
        "framer-motion": "^12.7.4",
        "mongoose": "^8.14.1",
        "pg": "^8.14.1",
        "react-router-dom": "^7.5.2"
      },
      "devDependencies": {
        "cross-env": "^7.0.3",
        "nodemon": "^3.1.9"
      }
    },
    "node_modules/book-store-app": {
      "resolved": "..",
      "link": true
    }
  }
}
